version: 6
environments:
  default:
    channels:
    - url: https://conda.anaconda.org/conda-forge/
    indexes:
    - https://pypi.org/simple
    packages:
      linux-64:
      - conda: https://conda.anaconda.org/conda-forge/linux-64/_libgcc_mutex-0.1-conda_forge.tar.bz2
      - conda: https://conda.anaconda.org/conda-forge/linux-64/_openmp_mutex-4.5-2_gnu.tar.bz2
      - conda: https://conda.anaconda.org/conda-forge/noarch/annotated-types-0.7.0-pyhd8ed1ab_1.conda
      - conda: https://conda.anaconda.org/conda-forge/noarch/anyio-4.11.0-pyhcf101f3_0.conda
      - conda: https://conda.anaconda.org/conda-forge/noarch/async-lru-2.0.5-pyh29332c3_0.conda
      - conda: https://conda.anaconda.org/conda-forge/noarch/black-25.1.0-pyh866005b_0.conda
      - conda: https://conda.anaconda.org/conda-forge/linux-64/bzip2-1.0.8-hda65f42_8.conda
      - conda: https://conda.anaconda.org/conda-forge/noarch/ca-certificates-2025.10.5-hbd8a1cb_0.conda
      - conda: https://conda.anaconda.org/conda-forge/noarch/certifi-2025.10.5-pyhd8ed1ab_0.conda
      - conda: https://conda.anaconda.org/conda-forge/noarch/click-8.3.0-pyh707e725_0.conda
      - conda: https://conda.anaconda.org/conda-forge/noarch/dnspython-2.8.0-pyhcf101f3_0.conda
      - conda: https://conda.anaconda.org/conda-forge/noarch/email-validator-2.3.0-pyhd8ed1ab_0.conda
      - conda: https://conda.anaconda.org/conda-forge/noarch/email_validator-2.3.0-hd8ed1ab_0.conda
      - conda: https://conda.anaconda.org/conda-forge/noarch/exceptiongroup-1.3.0-pyhd8ed1ab_0.conda
      - conda: https://conda.anaconda.org/conda-forge/noarch/fastapi-0.119.0-h89298cd_0.conda
      - conda: https://conda.anaconda.org/conda-forge/noarch/fastapi-cli-0.0.13-pyhcf101f3_0.conda
      - conda: https://conda.anaconda.org/conda-forge/noarch/fastapi-core-0.119.0-pyhcf101f3_0.conda
      - conda: https://conda.anaconda.org/conda-forge/noarch/h11-0.16.0-pyhd8ed1ab_0.conda
      - conda: https://conda.anaconda.org/conda-forge/noarch/h2-4.3.0-pyhcf101f3_0.conda
      - conda: https://conda.anaconda.org/conda-forge/noarch/hpack-4.1.0-pyhd8ed1ab_0.conda
      - conda: https://conda.anaconda.org/conda-forge/noarch/httpcore-1.0.9-pyh29332c3_0.conda
      - conda: https://conda.anaconda.org/conda-forge/linux-64/httptools-0.7.1-py314h5bd0f2a_0.conda
      - conda: https://conda.anaconda.org/conda-forge/noarch/httpx-0.28.1-pyhd8ed1ab_0.conda
      - conda: https://conda.anaconda.org/conda-forge/noarch/hyperframe-6.1.0-pyhd8ed1ab_0.conda
      - conda: https://conda.anaconda.org/conda-forge/noarch/idna-3.11-pyhd8ed1ab_0.conda
      - conda: https://conda.anaconda.org/conda-forge/noarch/jinja2-3.1.6-pyhd8ed1ab_0.conda
      - conda: https://conda.anaconda.org/conda-forge/linux-64/ld_impl_linux-64-2.44-ha97dd6f_2.conda
      - conda: https://conda.anaconda.org/conda-forge/linux-64/libexpat-2.7.1-hecca717_0.conda
      - conda: https://conda.anaconda.org/conda-forge/linux-64/libffi-3.4.6-h2dba641_1.conda
      - conda: https://conda.anaconda.org/conda-forge/linux-64/libgcc-15.2.0-h767d61c_7.conda
      - conda: https://conda.anaconda.org/conda-forge/linux-64/libgomp-15.2.0-h767d61c_7.conda
      - conda: https://conda.anaconda.org/conda-forge/linux-64/liblzma-5.8.1-hb9d3cd8_2.conda
      - conda: https://conda.anaconda.org/conda-forge/linux-64/libmpdec-4.0.0-hb9d3cd8_0.conda
      - conda: https://conda.anaconda.org/conda-forge/linux-64/libsqlite-3.50.4-h0c1763c_0.conda
      - conda: https://conda.anaconda.org/conda-forge/linux-64/libstdcxx-15.2.0-h8f9b012_7.conda
      - conda: https://conda.anaconda.org/conda-forge/linux-64/libuuid-2.41.2-he9a06e4_0.conda
      - conda: https://conda.anaconda.org/conda-forge/linux-64/libuv-1.51.0-hb03c661_1.conda
      - conda: https://conda.anaconda.org/conda-forge/linux-64/libzlib-1.3.1-hb9d3cd8_2.conda
      - conda: https://conda.anaconda.org/conda-forge/noarch/markdown-it-py-4.0.0-pyhd8ed1ab_0.conda
      - conda: https://conda.anaconda.org/conda-forge/noarch/markupsafe-3.0.3-pyh7db6752_0.conda
      - conda: https://conda.anaconda.org/conda-forge/noarch/mdurl-0.1.2-pyhd8ed1ab_1.conda
      - conda: https://conda.anaconda.org/conda-forge/noarch/mypy_extensions-1.1.0-pyha770c72_0.conda
      - conda: https://conda.anaconda.org/conda-forge/linux-64/ncurses-6.5-h2d0b736_3.conda
      - conda: https://conda.anaconda.org/conda-forge/linux-64/openssl-3.5.4-h26f9b46_0.conda
      - conda: https://conda.anaconda.org/conda-forge/linux-64/orjson-3.11.3-py314h68536ef_1.conda
      - conda: https://conda.anaconda.org/conda-forge/noarch/packaging-25.0-pyh29332c3_1.conda
      - conda: https://conda.anaconda.org/conda-forge/noarch/pathspec-0.12.1-pyhd8ed1ab_1.conda
      - conda: https://conda.anaconda.org/conda-forge/noarch/pixi-pycharm-0.0.9-unix_hf108a03_0.conda
      - conda: https://conda.anaconda.org/conda-forge/noarch/platformdirs-4.5.0-pyhcf101f3_0.conda
      - conda: https://conda.anaconda.org/conda-forge/noarch/pydantic-2.12.3-pyh3cfb1c2_0.conda
      - conda: https://conda.anaconda.org/conda-forge/linux-64/pydantic-core-2.41.4-py314h2e6c369_0.conda
      - conda: https://conda.anaconda.org/conda-forge/noarch/pygments-2.19.2-pyhd8ed1ab_0.conda
      - conda: https://conda.anaconda.org/conda-forge/linux-64/python-3.14.0-h5989046_101_cp314.conda
      - conda: https://conda.anaconda.org/conda-forge/noarch/python-dotenv-1.1.1-pyhe01879c_0.conda
      - conda: https://conda.anaconda.org/conda-forge/noarch/python-multipart-0.0.20-pyhff2d567_0.conda
      - conda: https://conda.anaconda.org/conda-forge/noarch/python_abi-3.14-8_cp314.conda
      - conda: https://conda.anaconda.org/conda-forge/noarch/pyyaml-6.0.3-pyh7db6752_0.conda
      - conda: https://conda.anaconda.org/conda-forge/linux-64/readline-8.2-h8c095d6_2.conda
      - conda: https://conda.anaconda.org/conda-forge/noarch/rich-14.2.0-pyhcf101f3_0.conda
      - conda: https://conda.anaconda.org/conda-forge/noarch/rich-toolkit-0.15.1-pyhcf101f3_0.conda
      - conda: https://conda.anaconda.org/conda-forge/noarch/shellingham-1.5.4-pyhd8ed1ab_1.conda
      - conda: https://conda.anaconda.org/conda-forge/noarch/sniffio-1.3.1-pyhd8ed1ab_1.conda
      - conda: https://conda.anaconda.org/conda-forge/noarch/starlette-0.48.0-pyhfdc7a7d_0.conda
      - conda: https://conda.anaconda.org/conda-forge/linux-64/tk-8.6.13-noxft_hd72426e_102.conda
      - conda: https://conda.anaconda.org/conda-forge/noarch/typer-0.19.2-pyhef33e25_0.conda
      - conda: https://conda.anaconda.org/conda-forge/noarch/typer-slim-0.19.2-pyhcf101f3_0.conda
      - conda: https://conda.anaconda.org/conda-forge/noarch/typer-slim-standard-0.19.2-h6e3bb38_0.conda
      - conda: https://conda.anaconda.org/conda-forge/noarch/typing-extensions-4.15.0-h396c80c_0.conda
      - conda: https://conda.anaconda.org/conda-forge/noarch/typing-inspection-0.4.2-pyhd8ed1ab_0.conda
      - conda: https://conda.anaconda.org/conda-forge/noarch/typing_extensions-4.15.0-pyhcf101f3_0.conda
      - conda: https://conda.anaconda.org/conda-forge/noarch/tzdata-2025b-h78e105d_0.conda
      - conda: https://conda.anaconda.org/conda-forge/noarch/uvicorn-0.37.0-pyh31011fe_0.conda
      - conda: https://conda.anaconda.org/conda-forge/noarch/uvicorn-standard-0.37.0-h31011fe_0.conda
      - conda: https://conda.anaconda.org/conda-forge/linux-64/uvloop-0.22.1-py314h5bd0f2a_0.conda
      - conda: https://conda.anaconda.org/conda-forge/linux-64/watchfiles-1.1.1-py314ha5689aa_0.conda
      - conda: https://conda.anaconda.org/conda-forge/linux-64/websockets-15.0.1-py314h31f8a6b_2.conda
      - conda: https://conda.anaconda.org/conda-forge/linux-64/yaml-0.2.5-h280c20c_3.conda
      - conda: https://conda.anaconda.org/conda-forge/linux-64/zstd-1.5.7-hb8e6e7a_2.conda
      - pypi: ./
packages:
- conda: https://conda.anaconda.org/conda-forge/linux-64/_libgcc_mutex-0.1-conda_forge.tar.bz2
  sha256: fe51de6107f9edc7aa4f786a70f4a883943bc9d39b3bb7307c04c41410990726
  md5: d7c89558ba9fa0495403155b64376d81
  license: None
  purls: []
  size: 2562
  timestamp: 1578324546067
- conda: https://conda.anaconda.org/conda-forge/linux-64/_openmp_mutex-4.5-2_gnu.tar.bz2
  build_number: 16
  sha256: fbe2c5e56a653bebb982eda4876a9178aedfc2b545f25d0ce9c4c0b508253d22
  md5: 73aaf86a425cc6e73fcf236a5a46396d
  depends:
  - _libgcc_mutex 0.1 conda_forge
  - libgomp >=7.5.0
  constrains:
  - openmp_impl 9999
  license: BSD-3-Clause
  license_family: BSD
  purls: []
  size: 23621
  timestamp: 1650670423406
- conda: https://conda.anaconda.org/conda-forge/noarch/annotated-types-0.7.0-pyhd8ed1ab_1.conda
  sha256: e0ea1ba78fbb64f17062601edda82097fcf815012cf52bb704150a2668110d48
  md5: 2934f256a8acfe48f6ebb4fce6cde29c
  depends:
  - python >=3.9
  - typing-extensions >=4.0.0
  license: MIT
  license_family: MIT
  purls:
  - pkg:pypi/annotated-types?source=hash-mapping
  size: 18074
  timestamp: 1733247158254
- conda: https://conda.anaconda.org/conda-forge/noarch/anyio-4.11.0-pyhcf101f3_0.conda
  sha256: 7378b5b9d81662d73a906fabfc2fb81daddffe8dc0680ed9cda7a9562af894b0
  md5: 814472b61da9792fae28156cb9ee54f5
  depends:
  - exceptiongroup >=1.0.2
  - idna >=2.8
  - python >=3.10
  - sniffio >=1.1
  - typing_extensions >=4.5
  - python
  constrains:
  - trio >=0.31.0
  - uvloop >=0.21
  license: MIT
  license_family: MIT
  purls:
  - pkg:pypi/anyio?source=compressed-mapping
  size: 138159
  timestamp: 1758634638734
- conda: https://conda.anaconda.org/conda-forge/noarch/async-lru-2.0.5-pyh29332c3_0.conda
  sha256: 3b7233041e462d9eeb93ea1dfe7b18aca9c358832517072054bb8761df0c324b
  md5: d9d0f99095a9bb7e3641bca8c6ad2ac7
  depends:
  - python >=3.9
  - typing_extensions >=4.0.0
  - python
  license: MIT
  license_family: MIT
  purls:
  - pkg:pypi/async-lru?source=hash-mapping
  size: 17335
  timestamp: 1742153708859
- conda: https://conda.anaconda.org/conda-forge/noarch/black-25.1.0-pyh866005b_0.conda
  sha256: c68f110cd491dc839a69e340930862e54c00fb02cede5f1831fcf8a253bd68d2
  md5: b9b0c42e7316aa6043bdfd49883955b8
  depends:
  - click >=8.0.0
  - mypy_extensions >=0.4.3
  - packaging >=22.0
  - pathspec >=0.9
  - platformdirs >=2
  - python >=3.11
  license: MIT
  license_family: MIT
  purls:
  - pkg:pypi/black?source=hash-mapping
  size: 172678
  timestamp: 1742502887437
- conda: https://conda.anaconda.org/conda-forge/linux-64/bzip2-1.0.8-hda65f42_8.conda
  sha256: c30daba32ddebbb7ded490f0e371eae90f51e72db620554089103b4a6934b0d5
  md5: 51a19bba1b8ebfb60df25cde030b7ebc
  depends:
  - __glibc >=2.17,<3.0.a0
  - libgcc >=14
  license: bzip2-1.0.6
  license_family: BSD
  purls: []
  size: 260341
  timestamp: 1757437258798
- conda: https://conda.anaconda.org/conda-forge/noarch/ca-certificates-2025.10.5-hbd8a1cb_0.conda
  sha256: 3b5ad78b8bb61b6cdc0978a6a99f8dfb2cc789a451378d054698441005ecbdb6
  md5: f9e5fbc24009179e8b0409624691758a
  depends:
  - __unix
  license: ISC
  purls: []
  size: 155907
  timestamp: 1759649036195
- conda: https://conda.anaconda.org/conda-forge/noarch/certifi-2025.10.5-pyhd8ed1ab_0.conda
  sha256: 955bac31be82592093f6bc006e09822cd13daf52b28643c9a6abd38cd5f4a306
  md5: 257ae203f1d204107ba389607d375ded
  depends:
  - python >=3.10
  license: ISC
  purls:
  - pkg:pypi/certifi?source=hash-mapping
  size: 160248
  timestamp: 1759648987029
- conda: https://conda.anaconda.org/conda-forge/noarch/click-8.3.0-pyh707e725_0.conda
  sha256: c6567ebc27c4c071a353acaf93eb82bb6d9a6961e40692a359045a89a61d02c0
  md5: e76c4ba9e1837847679421b8d549b784
  depends:
  - __unix
  - python >=3.10
  license: BSD-3-Clause
  license_family: BSD
  purls:
  - pkg:pypi/click?source=compressed-mapping
  size: 91622
  timestamp: 1758270534287
- conda: https://conda.anaconda.org/conda-forge/noarch/dnspython-2.8.0-pyhcf101f3_0.conda
  sha256: ef1e7b8405997ed3d6e2b6722bd7088d4a8adf215e7c88335582e65651fb4e05
  md5: d73fdc05f10693b518f52c994d748c19
  depends:
  - python >=3.10,<4.0.0
  - sniffio
  - python
  constrains:
  - aioquic >=1.2.0
  - cryptography >=45
  - httpcore >=1.0.0
  - httpx >=0.28.0
  - h2 >=4.2.0
  - idna >=3.10
  - trio >=0.30
  - wmi >=1.5.1
  license: ISC
  purls:
  - pkg:pypi/dnspython?source=hash-mapping
  size: 196500
  timestamp: 1757292856922
- conda: https://conda.anaconda.org/conda-forge/noarch/email-validator-2.3.0-pyhd8ed1ab_0.conda
  sha256: c37320864c35ef996b0e02e289df6ee89582d6c8e233e18dc9983375803c46bb
  md5: 3bc0ac31178387e8ed34094d9481bfe8
  depends:
  - dnspython >=2.0.0
  - idna >=2.0.0
  - python >=3.10
  license: Unlicense
  purls:
  - pkg:pypi/email-validator?source=hash-mapping
  size: 46767
  timestamp: 1756221480106
- conda: https://conda.anaconda.org/conda-forge/noarch/email_validator-2.3.0-hd8ed1ab_0.conda
  sha256: 6a518e00d040fcad016fb2dde29672aa3476cd9ae33ea5b7b257222e66037d89
  md5: 2452e434747a6b742adc5045f2182a8e
  depends:
  - email-validator >=2.3.0,<2.3.1.0a0
  license: Unlicense
  purls: []
  size: 7077
  timestamp: 1756221480651
- conda: https://conda.anaconda.org/conda-forge/noarch/exceptiongroup-1.3.0-pyhd8ed1ab_0.conda
  sha256: ce61f4f99401a4bd455b89909153b40b9c823276aefcbb06f2044618696009ca
  md5: 72e42d28960d875c7654614f8b50939a
  depends:
  - python >=3.9
  - typing_extensions >=4.6.0
  license: MIT and PSF-2.0
  purls:
  - pkg:pypi/exceptiongroup?source=hash-mapping
  size: 21284
  timestamp: 1746947398083
- conda: https://conda.anaconda.org/conda-forge/noarch/fastapi-0.119.0-h89298cd_0.conda
  sha256: 47de7d952f8e749c7fd71c1db58151a07ed7dbc2ed6946f7a618dbf75063e00a
  md5: dda45c89e28f80c02050769388ad45ce
  depends:
  - fastapi-core ==0.119.0 pyhcf101f3_0
  - email_validator
  - fastapi-cli
  - httpx
  - jinja2
  - python-multipart
  - uvicorn-standard
  license: MIT
  license_family: MIT
  purls: []
  size: 4822
  timestamp: 1760214543731
- conda: https://conda.anaconda.org/conda-forge/noarch/fastapi-cli-0.0.13-pyhcf101f3_0.conda
  sha256: 178a205d4b6636cb9f40f999bf2e6f559e9cbc53f1dcd8cd3f7e5fd78f193a54
  md5: ac56247bdee6912941229d8e897672af
  depends:
  - python >=3.10
  - rich-toolkit >=0.14.8
  - typer >=0.15.1
  - uvicorn-standard >=0.15.0
  - python
  license: MIT
  license_family: MIT
  purls:
  - pkg:pypi/fastapi-cli?source=hash-mapping
  size: 17616
  timestamp: 1758405759695
- conda: https://conda.anaconda.org/conda-forge/noarch/fastapi-core-0.119.0-pyhcf101f3_0.conda
  sha256: 1b184e9c30acb841f04c1730bbabbb872f0ad8d1f6431f24ad7255abf0a9f4a8
  md5: fa28378dd48e9aaba3a766a88f8d5b8d
  depends:
  - python >=3.10
  - starlette >=0.40.0,<0.49.0
  - typing_extensions >=4.8.0
  - pydantic >=1.7.4,!=1.8,!=1.8.1,!=2.0.0,!=2.0.1,!=2.1.0,<3.0.0
  - python
  constrains:
  - email_validator >=2.0.0
  - fastapi-cli >=0.0.8
  - httpx >=0.23.0,<1.0.0
  - jinja2 >=3.1.5
  - python-multipart >=0.0.18
  - uvicorn-standard >=0.12.0
  license: MIT
  license_family: MIT
  purls:
  - pkg:pypi/fastapi?source=hash-mapping
  size: 84822
  timestamp: 1760214543726
- conda: https://conda.anaconda.org/conda-forge/noarch/h11-0.16.0-pyhd8ed1ab_0.conda
  sha256: f64b68148c478c3bfc8f8d519541de7d2616bf59d44485a5271041d40c061887
  md5: 4b69232755285701bc86a5afe4d9933a
  depends:
  - python >=3.9
  - typing_extensions
  license: MIT
  license_family: MIT
  purls:
  - pkg:pypi/h11?source=hash-mapping
  size: 37697
  timestamp: 1745526482242
- conda: https://conda.anaconda.org/conda-forge/noarch/h2-4.3.0-pyhcf101f3_0.conda
  sha256: 84c64443368f84b600bfecc529a1194a3b14c3656ee2e832d15a20e0329b6da3
  md5: 164fc43f0b53b6e3a7bc7dce5e4f1dc9
  depends:
  - python >=3.10
  - hyperframe >=6.1,<7
  - hpack >=4.1,<5
  - python
  license: MIT
  license_family: MIT
  purls:
  - pkg:pypi/h2?source=compressed-mapping
  size: 95967
  timestamp: 1756364871835
- conda: https://conda.anaconda.org/conda-forge/noarch/hpack-4.1.0-pyhd8ed1ab_0.conda
  sha256: 6ad78a180576c706aabeb5b4c8ceb97c0cb25f1e112d76495bff23e3779948ba
  md5: 0a802cb9888dd14eeefc611f05c40b6e
  depends:
  - python >=3.9
  license: MIT
  license_family: MIT
  purls:
  - pkg:pypi/hpack?source=hash-mapping
  size: 30731
  timestamp: 1737618390337
- conda: https://conda.anaconda.org/conda-forge/noarch/httpcore-1.0.9-pyh29332c3_0.conda
  sha256: 04d49cb3c42714ce533a8553986e1642d0549a05dc5cc48e0d43ff5be6679a5b
  md5: 4f14640d58e2cc0aa0819d9d8ba125bb
  depends:
  - python >=3.9
  - h11 >=0.16
  - h2 >=3,<5
  - sniffio 1.*
  - anyio >=4.0,<5.0
  - certifi
  - python
  license: BSD-3-Clause
  license_family: BSD
  purls:
  - pkg:pypi/httpcore?source=hash-mapping
  size: 49483
  timestamp: 1745602916758
- conda: https://conda.anaconda.org/conda-forge/linux-64/httptools-0.7.1-py314h5bd0f2a_0.conda
  sha256: 23a97b20c39e6a23e2ebd80addc4a2ce9de592a52b2f1fd22a3327e555052adb
  md5: 955dae4acb2ef4302f086f39f7027322
  depends:
  - __glibc >=2.17,<3.0.a0
  - libgcc >=14
  - python >=3.14,<3.15.0a0
  - python_abi 3.14.* *_cp314
  license: MIT
  license_family: MIT
  purls:
  - pkg:pypi/httptools?source=hash-mapping
  size: 99109
  timestamp: 1760071014349
- conda: https://conda.anaconda.org/conda-forge/noarch/httpx-0.28.1-pyhd8ed1ab_0.conda
  sha256: cd0f1de3697b252df95f98383e9edb1d00386bfdd03fdf607fa42fe5fcb09950
  md5: d6989ead454181f4f9bc987d3dc4e285
  depends:
  - anyio
  - certifi
  - httpcore 1.*
  - idna
  - python >=3.9
  license: BSD-3-Clause
  license_family: BSD
  purls:
  - pkg:pypi/httpx?source=hash-mapping
  size: 63082
  timestamp: 1733663449209
- conda: https://conda.anaconda.org/conda-forge/noarch/hyperframe-6.1.0-pyhd8ed1ab_0.conda
  sha256: 77af6f5fe8b62ca07d09ac60127a30d9069fdc3c68d6b256754d0ffb1f7779f8
  md5: 8e6923fc12f1fe8f8c4e5c9f343256ac
  depends:
  - python >=3.9
  license: MIT
  license_family: MIT
  purls:
  - pkg:pypi/hyperframe?source=hash-mapping
  size: 17397
  timestamp: 1737618427549
- conda: https://conda.anaconda.org/conda-forge/noarch/idna-3.11-pyhd8ed1ab_0.conda
  sha256: ae89d0299ada2a3162c2614a9d26557a92aa6a77120ce142f8e0109bbf0342b0
  md5: 53abe63df7e10a6ba605dc5f9f961d36
  depends:
  - python >=3.10
  license: BSD-3-Clause
  license_family: BSD
  purls:
  - pkg:pypi/idna?source=compressed-mapping
  size: 50721
  timestamp: 1760286526795
- conda: https://conda.anaconda.org/conda-forge/noarch/jinja2-3.1.6-pyhd8ed1ab_0.conda
  sha256: f1ac18b11637ddadc05642e8185a851c7fab5998c6f5470d716812fae943b2af
  md5: 446bd6c8cb26050d528881df495ce646
  depends:
  - markupsafe >=2.0
  - python >=3.9
  license: BSD-3-Clause
  license_family: BSD
  purls:
  - pkg:pypi/jinja2?source=hash-mapping
  size: 112714
  timestamp: 1741263433881
- pypi: ./
  name: joshsw-dev
  version: 0.1.0
  sha256: 264f01ec4b62578815feb65ef5631cec100b2bd3237acd71523612be845d5fb7
  requires_python: '>=3.9.20'
  editable: true
- conda: https://conda.anaconda.org/conda-forge/linux-64/ld_impl_linux-64-2.44-ha97dd6f_2.conda
  sha256: 707dfb8d55d7a5c6f95c772d778ef07a7ca85417d9971796f7d3daad0b615de8
  md5: 14bae321b8127b63cba276bd53fac237
  depends:
  - __glibc >=2.17,<3.0.a0
  constrains:
  - binutils_impl_linux-64 2.44
  license: GPL-3.0-only
  license_family: GPL
  purls: []
  size: 747158
  timestamp: 1758810907507
- conda: https://conda.anaconda.org/conda-forge/linux-64/libexpat-2.7.1-hecca717_0.conda
  sha256: da2080da8f0288b95dd86765c801c6e166c4619b910b11f9a8446fb852438dc2
  md5: 4211416ecba1866fab0c6470986c22d6
  depends:
  - __glibc >=2.17,<3.0.a0
  - libgcc >=14
  constrains:
  - expat 2.7.1.*
  license: MIT
  license_family: MIT
  purls: []
  size: 74811
  timestamp: 1752719572741
- conda: https://conda.anaconda.org/conda-forge/linux-64/libffi-3.4.6-h2dba641_1.conda
  sha256: 764432d32db45466e87f10621db5b74363a9f847d2b8b1f9743746cd160f06ab
  md5: ede4673863426c0883c0063d853bbd85
  depends:
  - __glibc >=2.17,<3.0.a0
  - libgcc >=13
  license: MIT
  license_family: MIT
  purls: []
  size: 57433
  timestamp: 1743434498161
- conda: https://conda.anaconda.org/conda-forge/linux-64/libgcc-15.2.0-h767d61c_7.conda
  sha256: 08f9b87578ab981c7713e4e6a7d935e40766e10691732bba376d4964562bcb45
  md5: c0374badb3a5d4b1372db28d19462c53
  depends:
  - __glibc >=2.17,<3.0.a0
  - _openmp_mutex >=4.5
  constrains:
  - libgomp 15.2.0 h767d61c_7
  - libgcc-ng ==15.2.0=*_7
  license: GPL-3.0-only WITH GCC-exception-3.1
  license_family: GPL
  purls: []
  size: 822552
  timestamp: 1759968052178
- conda: https://conda.anaconda.org/conda-forge/linux-64/libgomp-15.2.0-h767d61c_7.conda
  sha256: e9fb1c258c8e66ee278397b5822692527c5f5786d372fe7a869b900853f3f5ca
  md5: f7b4d76975aac7e5d9e6ad13845f92fe
  depends:
  - __glibc >=2.17,<3.0.a0
  license: GPL-3.0-only WITH GCC-exception-3.1
  license_family: GPL
  purls: []
  size: 447919
  timestamp: 1759967942498
- conda: https://conda.anaconda.org/conda-forge/linux-64/liblzma-5.8.1-hb9d3cd8_2.conda
  sha256: f2591c0069447bbe28d4d696b7fcb0c5bd0b4ac582769b89addbcf26fb3430d8
  md5: 1a580f7796c7bf6393fddb8bbbde58dc
  depends:
  - __glibc >=2.17,<3.0.a0
  - libgcc >=13
  constrains:
  - xz 5.8.1.*
  license: 0BSD
  purls: []
  size: 112894
  timestamp: 1749230047870
- conda: https://conda.anaconda.org/conda-forge/linux-64/libmpdec-4.0.0-hb9d3cd8_0.conda
  sha256: 3aa92d4074d4063f2a162cd8ecb45dccac93e543e565c01a787e16a43501f7ee
  md5: c7e925f37e3b40d893459e625f6a53f1
  depends:
  - __glibc >=2.17,<3.0.a0
  - libgcc >=13
  license: BSD-2-Clause
  license_family: BSD
  purls: []
  size: 91183
  timestamp: 1748393666725
- conda: https://conda.anaconda.org/conda-forge/linux-64/libsqlite-3.50.4-h0c1763c_0.conda
  sha256: 6d9c32fc369af5a84875725f7ddfbfc2ace795c28f246dc70055a79f9b2003da
  md5: 0b367fad34931cb79e0d6b7e5c06bb1c
  depends:
  - __glibc >=2.17,<3.0.a0
  - libgcc >=14
  - libzlib >=1.3.1,<2.0a0
  license: blessing
  purls: []
  size: 932581
  timestamp: 1753948484112
- conda: https://conda.anaconda.org/conda-forge/linux-64/libstdcxx-15.2.0-h8f9b012_7.conda
  sha256: 1b981647d9775e1cdeb2fab0a4dd9cd75a6b0de2963f6c3953dbd712f78334b3
  md5: 5b767048b1b3ee9a954b06f4084f93dc
  depends:
  - __glibc >=2.17,<3.0.a0
  - libgcc 15.2.0 h767d61c_7
  constrains:
  - libstdcxx-ng ==15.2.0=*_7
  license: GPL-3.0-only WITH GCC-exception-3.1
  license_family: GPL
  purls: []
  size: 3898269
  timestamp: 1759968103436
- conda: https://conda.anaconda.org/conda-forge/linux-64/libuuid-2.41.2-he9a06e4_0.conda
  sha256: e5ec6d2ad7eef538ddcb9ea62ad4346fde70a4736342c4ad87bd713641eb9808
  md5: 80c07c68d2f6870250959dcc95b209d1
  depends:
  - __glibc >=2.17,<3.0.a0
  - libgcc >=14
  license: BSD-3-Clause
  license_family: BSD
  purls: []
  size: 37135
  timestamp: 1758626800002
- conda: https://conda.anaconda.org/conda-forge/linux-64/libuv-1.51.0-hb03c661_1.conda
  sha256: c180f4124a889ac343fc59d15558e93667d894a966ec6fdb61da1604481be26b
  md5: 0f03292cc56bf91a077a134ea8747118
  depends:
  - __glibc >=2.17,<3.0.a0
  - libgcc >=14
  license: MIT
  license_family: MIT
  purls: []
  size: 895108
  timestamp: 1753948278280
- conda: https://conda.anaconda.org/conda-forge/linux-64/libzlib-1.3.1-hb9d3cd8_2.conda
  sha256: d4bfe88d7cb447768e31650f06257995601f89076080e76df55e3112d4e47dc4
  md5: edb0dca6bc32e4f4789199455a1dbeb8
  depends:
  - __glibc >=2.17,<3.0.a0
  - libgcc >=13
  constrains:
  - zlib 1.3.1 *_2
  license: Zlib
  license_family: Other
  purls: []
  size: 60963
  timestamp: 1727963148474
- conda: https://conda.anaconda.org/conda-forge/noarch/markdown-it-py-4.0.0-pyhd8ed1ab_0.conda
  sha256: 7b1da4b5c40385791dbc3cc85ceea9fad5da680a27d5d3cb8bfaa185e304a89e
  md5: 5b5203189eb668f042ac2b0826244964
  depends:
  - mdurl >=0.1,<1
  - python >=3.10
  license: MIT
  license_family: MIT
  purls:
  - pkg:pypi/markdown-it-py?source=hash-mapping
  size: 64736
  timestamp: 1754951288511
- conda: https://conda.anaconda.org/conda-forge/noarch/markupsafe-3.0.3-pyh7db6752_0.conda
  sha256: e0cbfea51a19b3055ca19428bd9233a25adca956c208abb9d00b21e7259c7e03
  md5: fab1be106a50e20f10fe5228fd1d1651
  depends:
  - python >=3.10
  constrains:
  - jinja2 >=3.0.0
  track_features:
  - markupsafe_no_compile
  license: BSD-3-Clause
  license_family: BSD
  purls:
  - pkg:pypi/markupsafe?source=hash-mapping
  size: 15499
  timestamp: 1759055275624
- conda: https://conda.anaconda.org/conda-forge/noarch/mdurl-0.1.2-pyhd8ed1ab_1.conda
  sha256: 78c1bbe1723449c52b7a9df1af2ee5f005209f67e40b6e1d3c7619127c43b1c7
  md5: 592132998493b3ff25fd7479396e8351
  depends:
  - python >=3.9
  license: MIT
  license_family: MIT
  purls:
  - pkg:pypi/mdurl?source=hash-mapping
  size: 14465
  timestamp: 1733255681319
- conda: https://conda.anaconda.org/conda-forge/noarch/mypy_extensions-1.1.0-pyha770c72_0.conda
  sha256: 6ed158e4e5dd8f6a10ad9e525631e35cee8557718f83de7a4e3966b1f772c4b1
  md5: e9c622e0d00fa24a6292279af3ab6d06
  depends:
  - python >=3.9
  license: MIT
  license_family: MIT
  purls:
  - pkg:pypi/mypy-extensions?source=hash-mapping
  size: 11766
  timestamp: 1745776666688
- conda: https://conda.anaconda.org/conda-forge/linux-64/ncurses-6.5-h2d0b736_3.conda
  sha256: 3fde293232fa3fca98635e1167de6b7c7fda83caf24b9d6c91ec9eefb4f4d586
  md5: 47e340acb35de30501a76c7c799c41d7
  depends:
  - __glibc >=2.17,<3.0.a0
  - libgcc >=13
  license: X11 AND BSD-3-Clause
  purls: []
  size: 891641
  timestamp: 1738195959188
- conda: https://conda.anaconda.org/conda-forge/linux-64/openssl-3.5.4-h26f9b46_0.conda
  sha256: e807f3bad09bdf4075dbb4168619e14b0c0360bacb2e12ef18641a834c8c5549
  md5: 14edad12b59ccbfa3910d42c72adc2a0
  depends:
  - __glibc >=2.17,<3.0.a0
  - ca-certificates
  - libgcc >=14
  license: Apache-2.0
  license_family: Apache
  purls: []
  size: 3119624
  timestamp: 1759324353651
- conda: https://conda.anaconda.org/conda-forge/linux-64/orjson-3.11.3-py314h68536ef_1.conda
  sha256: 37a84819575013520427ea552a09eb638f4afd4040d243806eb16385458586d1
  md5: 78f21658daa489f9731929958bca8558
  depends:
  - python
  - libgcc >=14
  - __glibc >=2.17,<3.0.a0
  - python_abi 3.14.* *_cp314
  constrains:
  - __glibc >=2.17
  license: Apache-2.0
  license_family: APACHE
  purls:
  - pkg:pypi/orjson?source=hash-mapping
  size: 332232
  timestamp: 1756855033069
- conda: https://conda.anaconda.org/conda-forge/noarch/packaging-25.0-pyh29332c3_1.conda
  sha256: 289861ed0c13a15d7bbb408796af4de72c2fe67e2bcb0de98f4c3fce259d7991
  md5: 58335b26c38bf4a20f399384c33cbcf9
  depends:
  - python >=3.8
  - python
  license: Apache-2.0
  license_family: APACHE
  purls:
  - pkg:pypi/packaging?source=hash-mapping
  size: 62477
  timestamp: 1745345660407
- conda: https://conda.anaconda.org/conda-forge/noarch/pathspec-0.12.1-pyhd8ed1ab_1.conda
  sha256: 9f64009cdf5b8e529995f18e03665b03f5d07c0b17445b8badef45bde76249ee
  md5: 617f15191456cc6a13db418a275435e5
  depends:
  - python >=3.9
  license: MPL-2.0
  license_family: MOZILLA
  purls:
  - pkg:pypi/pathspec?source=hash-mapping
  size: 41075
  timestamp: 1733233471940
- conda: https://conda.anaconda.org/conda-forge/noarch/pixi-pycharm-0.0.9-unix_hf108a03_0.conda
  sha256: adb49cb011bc758a18d7729431d393c96b1686e9cb8b2b0a76f158a20a590743
  md5: 178205e98910428bf7411888adf63033
  depends:
  - __unix
  - python >=3.8
  license: BSD-3-Clause
  license_family: BSD
  purls: []
  size: 6681
  timestamp: 1758810290525
- conda: https://conda.anaconda.org/conda-forge/noarch/platformdirs-4.5.0-pyhcf101f3_0.conda
  sha256: 7efd51b48d908de2d75cbb3c4a2e80dd9454e1c5bb8191b261af3136f7fa5888
  md5: 5c7a868f8241e64e1cf5fdf4962f23e2
  depends:
  - python >=3.10
  - python
  license: MIT
  license_family: MIT
  purls:
  - pkg:pypi/platformdirs?source=compressed-mapping
  size: 23625
  timestamp: 1759953252315
- conda: https://conda.anaconda.org/conda-forge/noarch/pydantic-2.12.3-pyh3cfb1c2_0.conda
  sha256: 6a940747e8445653224dcff95fadf1060c66b9e544fdb0ed469b70a98c3aee7e
  md5: 2cb5d62fdf68deb0263663598feb9fc5
  depends:
  - annotated-types >=0.6.0
  - pydantic-core 2.41.4
  - python >=3.10
  - typing-extensions >=4.6.1
  - typing-inspection >=0.4.2
  - typing_extensions >=4.14.1
  license: MIT
  license_family: MIT
  purls:
  - pkg:pypi/pydantic?source=compressed-mapping
  size: 320015
  timestamp: 1760749357338
- conda: https://conda.anaconda.org/conda-forge/linux-64/pydantic-core-2.41.4-py314h2e6c369_0.conda
  sha256: a8b35ce11b3f4335755a690663bd38a6a9a34c6a702b446c97d7015f70ed7a67
  md5: ae0e353f3f4f4c556526d4687545d9d8
  depends:
  - python
  - typing-extensions >=4.6.0,!=4.7.0
  - libgcc >=14
  - __glibc >=2.17,<3.0.a0
  - python_abi 3.14.* *_cp314
  constrains:
  - __glibc >=2.17
  license: MIT
  license_family: MIT
  purls:
  - pkg:pypi/pydantic-core?source=hash-mapping
  size: 1939660
  timestamp: 1760442402935
- conda: https://conda.anaconda.org/conda-forge/noarch/pygments-2.19.2-pyhd8ed1ab_0.conda
  sha256: 5577623b9f6685ece2697c6eb7511b4c9ac5fb607c9babc2646c811b428fd46a
  md5: 6b6ece66ebcae2d5f326c77ef2c5a066
  depends:
  - python >=3.9
  license: BSD-2-Clause
  license_family: BSD
  purls:
  - pkg:pypi/pygments?source=hash-mapping
  size: 889287
  timestamp: 1750615908735
- conda: https://conda.anaconda.org/conda-forge/linux-64/python-3.14.0-h5989046_101_cp314.conda
  build_number: 101
  sha256: 61ae2c29b1097c12161a09a4061be8f909bc1387d8388e875d8ed5e357ef0824
  md5: b2ad21488149ec2c4d83640619de2430
  depends:
  - __glibc >=2.17,<3.0.a0
  - bzip2 >=1.0.8,<2.0a0
  - ld_impl_linux-64 >=2.36.1
  - libexpat >=2.7.1,<3.0a0
  - libffi >=3.4.6,<3.5.0a0
  - libgcc >=14
  - liblzma >=5.8.1,<6.0a0
  - libmpdec >=4.0.0,<5.0a0
  - libsqlite >=3.50.4,<4.0a0
  - libuuid >=2.41.2,<3.0a0
  - libzlib >=1.3.1,<2.0a0
  - ncurses >=6.5,<7.0a0
  - openssl >=3.5.4,<4.0a0
  - python_abi 3.14.* *_cp314
  - readline >=8.2,<9.0a0
  - tk >=8.6.13,<8.7.0a0
  - tzdata
  - zstd >=1.5.7,<1.6.0a0
  license: Python-2.0
  purls: []
  size: 36692257
  timestamp: 1760299587505
  python_site_packages_path: lib/python3.14/site-packages
- conda: https://conda.anaconda.org/conda-forge/noarch/python-dotenv-1.1.1-pyhe01879c_0.conda
  sha256: 9a90570085bedf4c6514bcd575456652c47918ff3d7b383349e26192a4805cc8
  md5: a245b3c04afa11e2e52a0db91550da7c
  depends:
  - python >=3.9
  - python
  license: BSD-3-Clause
  license_family: BSD
  purls:
  - pkg:pypi/python-dotenv?source=hash-mapping
  size: 26031
  timestamp: 1750789290754
- conda: https://conda.anaconda.org/conda-forge/noarch/python-multipart-0.0.20-pyhff2d567_0.conda
  sha256: 1b03678d145b1675b757cba165a0d9803885807792f7eb4495e48a38858c3cca
  md5: a28c984e0429aff3ab7386f7de56de6f
  depends:
  - python >=3.9
  license: Apache-2.0
  license_family: Apache
  purls:
  - pkg:pypi/python-multipart?source=hash-mapping
  size: 27913
  timestamp: 1734420869885
- conda: https://conda.anaconda.org/conda-forge/noarch/python_abi-3.14-8_cp314.conda
  build_number: 8
  sha256: ad6d2e9ac39751cc0529dd1566a26751a0bf2542adb0c232533d32e176e21db5
  md5: 0539938c55b6b1a59b560e843ad864a4
  constrains:
  - python 3.14.* *_cp314
  license: BSD-3-Clause
  license_family: BSD
  purls: []
  size: 6989
  timestamp: 1752805904792
- conda: https://conda.anaconda.org/conda-forge/noarch/pyyaml-6.0.3-pyh7db6752_0.conda
  sha256: 828af2fd7bb66afc9ab1c564c2046be391aaf66c0215f05afaf6d7a9a270fe2a
  md5: b12f41c0d7fb5ab81709fcc86579688f
  depends:
  - python >=3.10.*
  - yaml
  track_features:
  - pyyaml_no_compile
  license: MIT
  license_family: MIT
  purls:
  - pkg:pypi/pyyaml?source=hash-mapping
  size: 45223
  timestamp: 1758891992558
- conda: https://conda.anaconda.org/conda-forge/linux-64/readline-8.2-h8c095d6_2.conda
  sha256: 2d6d0c026902561ed77cd646b5021aef2d4db22e57a5b0178dfc669231e06d2c
  md5: 283b96675859b20a825f8fa30f311446
  depends:
  - libgcc >=13
  - ncurses >=6.5,<7.0a0
  license: GPL-3.0-only
  license_family: GPL
  purls: []
  size: 282480
  timestamp: 1740379431762
- conda: https://conda.anaconda.org/conda-forge/noarch/rich-14.2.0-pyhcf101f3_0.conda
  sha256: edfb44d0b6468a8dfced728534c755101f06f1a9870a7ad329ec51389f16b086
  md5: a247579d8a59931091b16a1e932bbed6
  depends:
  - markdown-it-py >=2.2.0
  - pygments >=2.13.0,<3.0.0
  - python >=3.10
  - typing_extensions >=4.0.0,<5.0.0
  - python
  license: MIT
  license_family: MIT
  purls:
  - pkg:pypi/rich?source=compressed-mapping
  size: 200840
  timestamp: 1760026188268
- conda: https://conda.anaconda.org/conda-forge/noarch/rich-toolkit-0.15.1-pyhcf101f3_0.conda
  sha256: 7c8ffaa40bf4ba5fc6bb8f0e4b9da77678fe74cdb50ab82041d6a5e4a25f530b
  md5: 12f69ed6e4115871451a3c7809b4651e
  depends:
  - python >=3.10
  - rich >=13.7.1
  - click >=8.1.7
  - typing_extensions >=4.12.2
  - python
  license: MIT
  license_family: MIT
  purls:
  - pkg:pypi/rich-toolkit?source=compressed-mapping
  size: 29432
  timestamp: 1756998936181
- conda: https://conda.anaconda.org/conda-forge/noarch/shellingham-1.5.4-pyhd8ed1ab_1.conda
  sha256: 0557c090913aa63cdbe821dbdfa038a321b488e22bc80196c4b3b1aace4914ef
  md5: 7c3c2a0f3ebdea2bbc35538d162b43bf
  depends:
  - python >=3.9
  license: MIT
  license_family: MIT
  purls:
  - pkg:pypi/shellingham?source=hash-mapping
  size: 14462
  timestamp: 1733301007770
- conda: https://conda.anaconda.org/conda-forge/noarch/sniffio-1.3.1-pyhd8ed1ab_1.conda
  sha256: c2248418c310bdd1719b186796ae50a8a77ce555228b6acd32768e2543a15012
  md5: bf7a226e58dfb8346c70df36065d86c9
  depends:
  - python >=3.9
  license: Apache-2.0
  license_family: Apache
  purls:
  - pkg:pypi/sniffio?source=hash-mapping
  size: 15019
  timestamp: 1733244175724
- conda: https://conda.anaconda.org/conda-forge/noarch/starlette-0.48.0-pyhfdc7a7d_0.conda
  sha256: 9272bccaa0d7d0b0f925e1ffdac319493c4d25a8aed81b3904f62fe38ba7b047
  md5: 1549ff806d9b81492d14eaec12e3935d
  depends:
  - anyio >=3.6.2,<5
  - python >=3.10
  - typing_extensions >=4.10.0
  - python
  license: BSD-3-Clause
  license_family: BSD
  purls:
  - pkg:pypi/starlette?source=hash-mapping
  size: 64039
  timestamp: 1757860651806
- conda: https://conda.anaconda.org/conda-forge/linux-64/tk-8.6.13-noxft_hd72426e_102.conda
  sha256: a84ff687119e6d8752346d1d408d5cf360dee0badd487a472aa8ddedfdc219e1
  md5: a0116df4f4ed05c303811a837d5b39d8
  depends:
  - __glibc >=2.17,<3.0.a0
  - libgcc >=13
  - libzlib >=1.3.1,<2.0a0
  license: TCL
  license_family: BSD
  purls: []
  size: 3285204
  timestamp: 1748387766691
- conda: https://conda.anaconda.org/conda-forge/noarch/typer-0.19.2-pyhef33e25_0.conda
  sha256: af84fb290bea38acba4210ecca00294c7c7fc158109f5748e1c48e6dcfb1e8d1
  md5: dad6001e0daae6af908857faeb3ea541
  depends:
  - typer-slim-standard ==0.19.2 h6e3bb38_0
  - python >=3.10
  - python
  license: MIT
  license_family: MIT
  purls:
  - pkg:pypi/typer?source=compressed-mapping
  size: 78588
  timestamp: 1758635560770
- conda: https://conda.anaconda.org/conda-forge/noarch/typer-slim-0.19.2-pyhcf101f3_0.conda
  sha256: af4f9ae437fec180e2efacded58c5d080b60d80e7ffa1158c3d403a5f963e01e
  md5: 375e664c2a0892eb4bdb33b0d03e5366
  depends:
  - python >=3.10
  - click >=8.0.0
  - typing_extensions >=3.7.4.3
  - python
  constrains:
  - typer 0.19.2.*
  - rich >=10.11.0
  - shellingham >=1.3.0
  license: MIT
  license_family: MIT
  purls:
  - pkg:pypi/typer-slim?source=hash-mapping
  size: 47186
  timestamp: 1758635560770
- conda: https://conda.anaconda.org/conda-forge/noarch/typer-slim-standard-0.19.2-h6e3bb38_0.conda
  sha256: 0225117f9fdec038c7bcf96414fea6096463d8a34159c368584f3575a04c4bcb
  md5: 3430c6397a612b9b54ec07d7fd6e0b18
  depends:
  - typer-slim ==0.19.2 pyhcf101f3_0
  - rich
  - shellingham
  license: MIT
  license_family: MIT
  purls: []
  size: 5300
  timestamp: 1758635560770
- conda: https://conda.anaconda.org/conda-forge/noarch/typing-extensions-4.15.0-h396c80c_0.conda
  sha256: 7c2df5721c742c2a47b2c8f960e718c930031663ac1174da67c1ed5999f7938c
  md5: edd329d7d3a4ab45dcf905899a7a6115
  depends:
  - typing_extensions ==4.15.0 pyhcf101f3_0
  license: PSF-2.0
  license_family: PSF
  purls: []
  size: 91383
  timestamp: 1756220668932
- conda: https://conda.anaconda.org/conda-forge/noarch/typing-inspection-0.4.2-pyhd8ed1ab_0.conda
  sha256: 8aaf69b828c2b94d0784f18f70f11aa032950d304e57e88467120b45c18c24fd
  md5: 399701494e731ce73fdd86c185a3d1b4
  depends:
  - python >=3.10
  - typing_extensions >=4.12.0
  license: MIT
  license_family: MIT
  purls:
  - pkg:pypi/typing-inspection?source=compressed-mapping
  size: 18799
  timestamp: 1759301271883
- conda: https://conda.anaconda.org/conda-forge/noarch/typing_extensions-4.15.0-pyhcf101f3_0.conda
  sha256: 032271135bca55aeb156cee361c81350c6f3fb203f57d024d7e5a1fc9ef18731
  md5: 0caa1af407ecff61170c9437a808404d
  depends:
  - python >=3.10
  - python
  license: PSF-2.0
  license_family: PSF
  purls:
  - pkg:pypi/typing-extensions?source=hash-mapping
  size: 51692
  timestamp: 1756220668932
- conda: https://conda.anaconda.org/conda-forge/noarch/tzdata-2025b-h78e105d_0.conda
  sha256: 5aaa366385d716557e365f0a4e9c3fca43ba196872abbbe3d56bb610d131e192
  md5: 4222072737ccff51314b5ece9c7d6f5a
  license: LicenseRef-Public-Domain
  purls: []
  size: 122968
  timestamp: 1742727099393
- conda: https://conda.anaconda.org/conda-forge/noarch/uvicorn-0.37.0-pyh31011fe_0.conda
  sha256: 1be99fc1773247a7a6830d5ec1c0b9962a1ca684e9f54927d1be4301b4572842
  md5: 6b1475b42e54a66e8da512b2b04f33bd
  depends:
  - __unix
  - click >=7.0
  - h11 >=0.8
  - python >=3.10
  - typing_extensions >=4.0
  license: BSD-3-Clause
  license_family: BSD
  purls:
  - pkg:pypi/uvicorn?source=hash-mapping
  size: 51239
  timestamp: 1758652176787
- conda: https://conda.anaconda.org/conda-forge/noarch/uvicorn-standard-0.37.0-h31011fe_0.conda
  sha256: 59eb0fe055ac51b5d7f83fb45a373724ffa104ddf50cd1b6fd9d68d7c380eb3a
  md5: c42fc59b4279bcb28274aa6f21d5eb15
  depends:
  - __unix
  - httptools >=0.6.3
  - python-dotenv >=0.13
  - pyyaml >=5.1
  - uvicorn 0.37.0 pyh31011fe_0
  - uvloop >=0.14.0,!=0.15.0,!=0.15.1
  - watchfiles >=0.13
  - websockets >=10.4
  license: BSD-3-Clause
  license_family: BSD
  purls: []
  size: 7661
  timestamp: 1758652177552
- conda: https://conda.anaconda.org/conda-forge/linux-64/uvloop-0.22.1-py314h5bd0f2a_0.conda
  sha256: f57a8cc1c4782b914e1c73d73a3e77094f58e582b2ee16229bbf4c7f65882f11
  md5: b4eec5901d57fe7ce78d5bab764a52e3
  depends:
  - __glibc >=2.17,<3.0.a0
  - libgcc >=14
  - libuv >=1.51.0,<2.0a0
  - python >=3.14,<3.15.0a0
  - python_abi 3.14.* *_cp314
  license: MIT OR Apache-2.0
  purls:
  - pkg:pypi/uvloop?source=hash-mapping
  size: 621029
  timestamp: 1760702357781
- conda: https://conda.anaconda.org/conda-forge/linux-64/watchfiles-1.1.1-py314ha5689aa_0.conda
  sha256: fcec93ca26320764c55042fc56b772a88533ed01f1c713553c985b379e174d09
  md5: fb190bbf05b3b963bea7ab7c20624d5d
  depends:
  - __glibc >=2.17,<3.0.a0
  - anyio >=3.0.0
  - libgcc >=14
  - python >=3.14,<3.15.0a0
  - python_abi 3.14.* *_cp314
  constrains:
  - __glibc >=2.17
  license: MIT
  license_family: MIT
  purls:
  - pkg:pypi/watchfiles?source=hash-mapping
  size: 421969
  timestamp: 1760456771978
- conda: https://conda.anaconda.org/conda-forge/linux-64/websockets-15.0.1-py314h31f8a6b_2.conda
  sha256: 102c0acc2301908bcc0bd0c792e059cf8a6b93fc819f56c8a3b8a6b473afe58a
  md5: e05c3cce47cc4f32f886eb17091ba6e2
  depends:
  - python
  - __glibc >=2.17,<3.0.a0
  - libgcc >=14
  - python_abi 3.14.* *_cp314
  license: BSD-3-Clause
  license_family: BSD
  purls:
  - pkg:pypi/websockets?source=hash-mapping
  size: 380425
  timestamp: 1756476367704
- conda: https://conda.anaconda.org/conda-forge/linux-64/yaml-0.2.5-h280c20c_3.conda
  sha256: 6d9ea2f731e284e9316d95fa61869fe7bbba33df7929f82693c121022810f4ad
  md5: a77f85f77be52ff59391544bfe73390a
  depends:
  - libgcc >=14
  - __glibc >=2.17,<3.0.a0
  license: MIT
  license_family: MIT
  purls: []
  size: 85189
  timestamp: 1753484064210
- conda: https://conda.anaconda.org/conda-forge/linux-64/zstd-1.5.7-hb8e6e7a_2.conda
  sha256: a4166e3d8ff4e35932510aaff7aa90772f84b4d07e9f6f83c614cba7ceefe0eb
  md5: 6432cb5d4ac0046c3ac0a8a0f95842f9
  depends:
  - __glibc >=2.17,<3.0.a0
  - libgcc >=13
  - libstdcxx >=13
  - libzlib >=1.3.1,<2.0a0
  license: BSD-3-Clause
  license_family: BSD
  purls: []
  size: 567578
  timestamp: 1742433379869
